
Microsoft Visual Studio Solution File, Format Version 12.00
# Visual Studio Version 16
VisualStudioVersion = 16.0.30011.22
MinimumVisualStudioVersion = 10.0.40219.1
Project("{9A19103F-16F7-4668-BE54-9A1E7A4F7556}") = "MergeMeetings", "MergeMeetings.csproj", "{839590EB-E7EA-4392-B4A3-6715CA5D159C}"
EndProject
Project("{2150E333-8FDC-42A3-9474-1A3956D46DE8}") = "MergeMeeting", "MergeMeeting", "{EF459889-EFF9-4149-B390-604844134487}"
EndProject
Project("{9A19103F-16F7-4668-BE54-9A1E7A4F7556}") = "MergeMeetingsTest", "..\MergeMeetingsTest\MergeMeetingsTest.csproj", "{4586E526-04B1-4A23-BD65-DC00ADEA04D0}"
EndProject
Project("{2150E333-8FDC-42A3-9474-1A3956D46DE8}") = "InPlaceReversing", "InPlaceReversing", "{18C539D9-60B0-4D9F-8256-65C5B5D9F3EB}"
EndProject
Project("{9A19103F-16F7-4668-BE54-9A1E7A4F7556}") = "InPlaceReversingOfArray", "..\InPlaceReversingOfArray\InPlaceReversingOfArray.csproj", "{CAFF6948-0BD2-42C8-93BD-0C591B3A8A8D}"
EndProject
Project("{2150E333-8FDC-42A3-9474-1A3956D46DE8}") = "InPlaceReversingWords", "InPlaceReversingWords", "{ADB0FF0D-9FB7-4CF3-AD27-8EF37D6AB0BA}"
EndProject
Project("{9A19103F-16F7-4668-BE54-9A1E7A4F7556}") = "InPlaceReversingOfWords", "..\InPlaceReversingOfWords\InPlaceReversingOfWords.csproj", "{06C63211-6CE2-41AE-A5BC-6B735398BCEF}"
EndProject
Project("{2150E333-8FDC-42A3-9474-1A3956D46DE8}") = "MergeTwoSortedArrays", "MergeTwoSortedArrays", "{55846740-37BA-45FD-8A34-223F4068B262}"
EndProject
Project("{9A19103F-16F7-4668-BE54-9A1E7A4F7556}") = "MergeTwoSortedArraysIntoOneArray", "..\MergeTwoSortedArraysIntoOneArray\MergeTwoSortedArraysIntoOneArray.csproj", "{2B4BBDAE-D5BC-454C-AE74-C3A45CDE5FE7}"
EndProject
Project("{2150E333-8FDC-42A3-9474-1A3956D46DE8}") = "FirstComeFirstServed", "FirstComeFirstServed", "{26838443-BFE7-40E2-A67E-EEC5303D3E71}"
EndProject
Project("{9A19103F-16F7-4668-BE54-9A1E7A4F7556}") = "IsFirstComeFirstServed", "..\IsFirstComeFirstServed\IsFirstComeFirstServed.csproj", "{89C474E5-80A0-42B3-87B0-5B91681139FD}"
EndProject
Project("{FAE04EC0-301F-11D3-BF4B-00C04F79EFBC}") = "KaratsubaMultiplication", "..\KaratsubaMultiplication\KaratsubaMultiplication.csproj", "{21291EC6-70BF-4ED6-920C-FCA063C75A12}"
EndProject
Global
	GlobalSection(SolutionConfigurationPlatforms) = preSolution
		Debug|Any CPU = Debug|Any CPU
		Release|Any CPU = Release|Any CPU
	EndGlobalSection
	GlobalSection(ProjectConfigurationPlatforms) = postSolution
		{839590EB-E7EA-4392-B4A3-6715CA5D159C}.Debug|Any CPU.ActiveCfg = Debug|Any CPU
		{839590EB-E7EA-4392-B4A3-6715CA5D159C}.Debug|Any CPU.Build.0 = Debug|Any CPU
		{839590EB-E7EA-4392-B4A3-6715CA5D159C}.Release|Any CPU.ActiveCfg = Release|Any CPU
		{839590EB-E7EA-4392-B4A3-6715CA5D159C}.Release|Any CPU.Build.0 = Release|Any CPU
		{4586E526-04B1-4A23-BD65-DC00ADEA04D0}.Debug|Any CPU.ActiveCfg = Debug|Any CPU
		{4586E526-04B1-4A23-BD65-DC00ADEA04D0}.Debug|Any CPU.Build.0 = Debug|Any CPU
		{4586E526-04B1-4A23-BD65-DC00ADEA04D0}.Release|Any CPU.ActiveCfg = Release|Any CPU
		{4586E526-04B1-4A23-BD65-DC00ADEA04D0}.Release|Any CPU.Build.0 = Release|Any CPU
		{CAFF6948-0BD2-42C8-93BD-0C591B3A8A8D}.Debug|Any CPU.ActiveCfg = Debug|Any CPU
		{CAFF6948-0BD2-42C8-93BD-0C591B3A8A8D}.Debug|Any CPU.Build.0 = Debug|Any CPU
		{CAFF6948-0BD2-42C8-93BD-0C591B3A8A8D}.Release|Any CPU.ActiveCfg = Release|Any CPU
		{CAFF6948-0BD2-42C8-93BD-0C591B3A8A8D}.Release|Any CPU.Build.0 = Release|Any CPU
		{06C63211-6CE2-41AE-A5BC-6B735398BCEF}.Debug|Any CPU.ActiveCfg = Debug|Any CPU
		{06C63211-6CE2-41AE-A5BC-6B735398BCEF}.Debug|Any CPU.Build.0 = Debug|Any CPU
		{06C63211-6CE2-41AE-A5BC-6B735398BCEF}.Release|Any CPU.ActiveCfg = Release|Any CPU
		{06C63211-6CE2-41AE-A5BC-6B735398BCEF}.Release|Any CPU.Build.0 = Release|Any CPU
		{2B4BBDAE-D5BC-454C-AE74-C3A45CDE5FE7}.Debug|Any CPU.ActiveCfg = Debug|Any CPU
		{2B4BBDAE-D5BC-454C-AE74-C3A45CDE5FE7}.Debug|Any CPU.Build.0 = Debug|Any CPU
		{2B4BBDAE-D5BC-454C-AE74-C3A45CDE5FE7}.Release|Any CPU.ActiveCfg = Release|Any CPU
		{2B4BBDAE-D5BC-454C-AE74-C3A45CDE5FE7}.Release|Any CPU.Build.0 = Release|Any CPU
		{89C474E5-80A0-42B3-87B0-5B91681139FD}.Debug|Any CPU.ActiveCfg = Debug|Any CPU
		{89C474E5-80A0-42B3-87B0-5B91681139FD}.Debug|Any CPU.Build.0 = Debug|Any CPU
		{89C474E5-80A0-42B3-87B0-5B91681139FD}.Release|Any CPU.ActiveCfg = Release|Any CPU
		{89C474E5-80A0-42B3-87B0-5B91681139FD}.Release|Any CPU.Build.0 = Release|Any CPU
		{21291EC6-70BF-4ED6-920C-FCA063C75A12}.Debug|Any CPU.ActiveCfg = Debug|Any CPU
		{21291EC6-70BF-4ED6-920C-FCA063C75A12}.Debug|Any CPU.Build.0 = Debug|Any CPU
		{21291EC6-70BF-4ED6-920C-FCA063C75A12}.Release|Any CPU.ActiveCfg = Release|Any CPU
		{21291EC6-70BF-4ED6-920C-FCA063C75A12}.Release|Any CPU.Build.0 = Release|Any CPU
	EndGlobalSection
	GlobalSection(SolutionProperties) = preSolution
		HideSolutionNode = FALSE
	EndGlobalSection
	GlobalSection(NestedProjects) = preSolution
		{839590EB-E7EA-4392-B4A3-6715CA5D159C} = {EF459889-EFF9-4149-B390-604844134487}
		{4586E526-04B1-4A23-BD65-DC00ADEA04D0} = {EF459889-EFF9-4149-B390-604844134487}
		{CAFF6948-0BD2-42C8-93BD-0C591B3A8A8D} = {18C539D9-60B0-4D9F-8256-65C5B5D9F3EB}
		{06C63211-6CE2-41AE-A5BC-6B735398BCEF} = {ADB0FF0D-9FB7-4CF3-AD27-8EF37D6AB0BA}
		{2B4BBDAE-D5BC-454C-AE74-C3A45CDE5FE7} = {55846740-37BA-45FD-8A34-223F4068B262}
		{89C474E5-80A0-42B3-87B0-5B91681139FD} = {26838443-BFE7-40E2-A67E-EEC5303D3E71}
	EndGlobalSection
	GlobalSection(ExtensibilityGlobals) = postSolution
		SolutionGuid = {2C8F3DAD-7B62-4DE7-B387-1313C15A8272}
	EndGlobalSection
EndGlobal
